
Microsoft Visual Studio Solution File, Format Version 11.00
# Visual Studio 2010
Project("{8BC9CEB8-8B4A-11D0-8D11-00A0C91BC942}") = "yam2d", "engine\yam2d.vcxproj", "{48CDA762-FEA3-4FF9-3D05-B05D6038CAD6}"
EndProject
Project("{8BC9CEB8-8B4A-11D0-8D11-00A0C91BC942}") = "1_TemplateProject", "Tutorials\1_TemplateProject\TemplateProject.vcxproj", "{620EEC96-C453-4F33-9270-BB6747EF5194}"
EndProject
Project("{8BC9CEB8-8B4A-11D0-8D11-00A0C91BC942}") = "2_LowLevelDraw", "Tutorials\2_LowLevelDraw\LowLevelDraw.vcxproj", "{172B5EC3-E62E-4B03-BE17-049B10E369B9}"
EndProject
Project("{8BC9CEB8-8B4A-11D0-8D11-00A0C91BC942}") = "3_SimpleMap", "Tutorials\3_SimpleMap\SimpleMap.vcxproj", "{5FF150AD-27A0-4198-957E-DEEDF81EA9FA}"
EndProject
Project("{8BC9CEB8-8B4A-11D0-8D11-00A0C91BC942}") = "4_TmxMapLoading", "Tutorials\4_TmxMapLoading\TmxMapLoading.vcxproj", "{57A6AA53-FF7E-4643-A5B7-1FD369244BF2}"
EndProject
Global
	GlobalSection(SolutionConfigurationPlatforms) = preSolution
		Debug|Win32 = Debug|Win32
		Release|Win32 = Release|Win32
	EndGlobalSection
	GlobalSection(ProjectConfigurationPlatforms) = postSolution
		{48CDA762-FEA3-4FF9-3D05-B05D6038CAD6}.Debug|Win32.ActiveCfg = Debug|Win32
		{48CDA762-FEA3-4FF9-3D05-B05D6038CAD6}.Debug|Win32.Build.0 = Debug|Win32
		{48CDA762-FEA3-4FF9-3D05-B05D6038CAD6}.Release|Win32.ActiveCfg = Release|Win32
		{48CDA762-FEA3-4FF9-3D05-B05D6038CAD6}.Release|Win32.Build.0 = Release|Win32
		{620EEC96-C453-4F33-9270-BB6747EF5194}.Debug|Win32.ActiveCfg = Debug|Win32
		{620EEC96-C453-4F33-9270-BB6747EF5194}.Debug|Win32.Build.0 = Debug|Win32
		{620EEC96-C453-4F33-9270-BB6747EF5194}.Release|Win32.ActiveCfg = Release|Win32
		{620EEC96-C453-4F33-9270-BB6747EF5194}.Release|Win32.Build.0 = Release|Win32
		{172B5EC3-E62E-4B03-BE17-049B10E369B9}.Debug|Win32.ActiveCfg = Debug|Win32
		{172B5EC3-E62E-4B03-BE17-049B10E369B9}.Debug|Win32.Build.0 = Debug|Win32
		{172B5EC3-E62E-4B03-BE17-049B10E369B9}.Release|Win32.ActiveCfg = Release|Win32
		{172B5EC3-E62E-4B03-BE17-049B10E369B9}.Release|Win32.Build.0 = Release|Win32
		{5FF150AD-27A0-4198-957E-DEEDF81EA9FA}.Debug|Win32.ActiveCfg = Debug|Win32
		{5FF150AD-27A0-4198-957E-DEEDF81EA9FA}.Debug|Win32.Build.0 = Debug|Win32
		{5FF150AD-27A0-4198-957E-DEEDF81EA9FA}.Release|Win32.ActiveCfg = Release|Win32
		{5FF150AD-27A0-4198-957E-DEEDF81EA9FA}.Release|Win32.Build.0 = Release|Win32
		{57A6AA53-FF7E-4643-A5B7-1FD369244BF2}.Debug|Win32.ActiveCfg = Debug|Win32
		{57A6AA53-FF7E-4643-A5B7-1FD369244BF2}.Debug|Win32.Build.0 = Debug|Win32
		{57A6AA53-FF7E-4643-A5B7-1FD369244BF2}.Release|Win32.ActiveCfg = Release|Win32
		{57A6AA53-FF7E-4643-A5B7-1FD369244BF2}.Release|Win32.Build.0 = Release|Win32
	EndGlobalSection
	GlobalSection(SolutionProperties) = preSolution
		HideSolutionNode = FALSE
	EndGlobalSection
EndGlobal
